// !$*UTF8*$!
{
	archiveVersion = 1;
	classes = {
	};
	objectVersion = 46;
	objects = {

/* Begin PBXBuildFile section */
		1E3A61F51BFA8D8E0011A529 /* AppDelegate.swift in Sources */ = {isa = PBXBuildFile; fileRef = 1E3A61F41BFA8D8E0011A529 /* AppDelegate.swift */; };
		1E3A61F71BFA8D8E0011A529 /* Assets.xcassets in Resources */ = {isa = PBXBuildFile; fileRef = 1E3A61F61BFA8D8E0011A529 /* Assets.xcassets */; };
		1E3A61FA1BFA8D8E0011A529 /* MainMenu.xib in Resources */ = {isa = PBXBuildFile; fileRef = 1E3A61F81BFA8D8E0011A529 /* MainMenu.xib */; };
		1EB596841BFBE06C002A08D3 /* CenterClipView.swift in Sources */ = {isa = PBXBuildFile; fileRef = 1EB596831BFBE06C002A08D3 /* CenterClipView.swift */; };
		4C8722D11C012D9A00DC8BAA /* TestImage.png in Resources */ = {isa = PBXBuildFile; fileRef = 4C8722D01C012D9A00DC8BAA /* TestImage.png */; };
/* End PBXBuildFile section */

/* Begin PBXFileReference section */
		1E3A61F11BFA8D8E0011A529 /* ScrollViewBug.app */ = {isa = PBXFileReference; explicitFileType = wrapper.application; includeInIndex = 0; path = ScrollViewBug.app; sourceTree = BUILT_PRODUCTS_DIR; };
		1E3A61F41BFA8D8E0011A529 /* AppDelegate.swift */ = {isa = PBXFileReference; lastKnownFileType = sourcecode.swift; name = AppDelegate.swift; path = ScrollViewBug/AppDelegate.swift; sourceTree = SOURCE_ROOT; };
		1E3A61F61BFA8D8E0011A529 /* Assets.xcassets */ = {isa = PBXFileReference; lastKnownFileType = folder.assetcatalog; name = Assets.xcassets; path = ScrollViewBug/Assets.xcassets; sourceTree = SOURCE_ROOT; };
		1E3A61F91BFA8D8E0011A529 /* Base */ = {isa = PBXFileReference; lastKnownFileType = file.xib; name = Base; path = Base.lproj/MainMenu.xib; sourceTree = "<group>"; };
		1E3A61FB1BFA8D8E0011A529 /* Info.plist */ = {isa = PBXFileReference; lastKnownFileType = text.plist.xml; name = Info.plist; path = ScrollViewBug/Info.plist; sourceTree = SOURCE_ROOT; };
		1EB596831BFBE06C002A08D3 /* CenterClipView.swift */ = {isa = PBXFileReference; fileEncoding = 4; lastKnownFileType = sourcecode.swift; name = CenterClipView.swift; path = ScrollViewBug/CenterClipView.swift; sourceTree = SOURCE_ROOT; };
		4C8722D01C012D9A00DC8BAA /* TestImage.png */ = {isa = PBXFileReference; lastKnownFileType = image.png; name = TestImage.png; path = ScrollViewBug/TestImage.png; sourceTree = SOURCE_ROOT; };
/* End PBXFileReference section */

/* Begin PBXFrameworksBuildPhase section */
		1E3A61EE1BFA8D8E0011A529 /* Frameworks */ = {
			isa = PBXFrameworksBuildPhase;
			buildActionMask = 2147483647;
			files = (
			);
			runOnlyForDeploymentPostprocessing = 0;
		};
/* End PBXFrameworksBuildPhase section */

/* Begin PBXGroup section */
		1E3A61E81BFA8D8E0011A529 = {
			isa = PBXGroup;
			children = (
				1E3A61F31BFA8D8E0011A529 /* ScrollViewBug */,
				1E3A61F21BFA8D8E0011A529 /* Products */,
			);
			sourceTree = "<group>";
		};
		1E3A61F21BFA8D8E0011A529 /* Products */ = {
			isa = PBXGroup;
			children = (
				1E3A61F11BFA8D8E0011A529 /* ScrollViewBug.app */,
			);
			name = Products;
			sourceTree = "<group>";
		};
		1E3A61F31BFA8D8E0011A529 /* ScrollViewBug */ = {
			isa = PBXGroup;
			children = (
				1EB596851BFD1D34002A08D3 /* Resources */,
				1E3A61F41BFA8D8E0011A529 /* AppDelegate.swift */,
				1EB596831BFBE06C002A08D3 /* CenterClipView.swift */,
				1E3A61F61BFA8D8E0011A529 /* Assets.xcassets */,
				1E3A61F81BFA8D8E0011A529 /* MainMenu.xib */,
				1E3A61FB1BFA8D8E0011A529 /* Info.plist */,
			);
			path = ScrollViewBug;
			sourceTree = SOURCE_ROOT;
		};
		1EB596851BFD1D34002A08D3 /* Resources */ = {
			isa = PBXGroup;
			children = (
				4C8722D01C012D9A00DC8BAA /* TestImage.png */,
			);
			name = Resources;
			path = ScrollViewBug;
			sourceTree = SOURCE_ROOT;
		};
/* End PBXGroup section */

/* Begin PBXNativeTarget section */
		1E3A61F01BFA8D8E0011A529 /* ScrollViewBug */ = {
			isa = PBXNativeTarget;
			buildConfigurationList = 1E3A61FE1BFA8D8E0011A529 /* Build configuration list for PBXNativeTarget "ScrollViewBug" */;
			buildPhases = (
				1E3A61ED1BFA8D8E0011A529 /* Sources */,
				1E3A61EE1BFA8D8E0011A529 /* Frameworks */,
				1E3A61EF1BFA8D8E0011A529 /* Resources */,
			);
			buildRules = (
			);
			dependencies = (
			);
			name = ScrollViewBug;
			productName = JunkTestScrollers;
			productReference = 1E3A61F11BFA8D8E0011A529 /* ScrollViewBug.app */;
			productType = "com.apple.product-type.application";
		};
/* End PBXNativeTarget section */

/* Begin PBXProject section */
		1E3A61E91BFA8D8E0011A529 /* Project object */ = {
			isa = PBXProject;
			attributes = {
				LastSwiftUpdateCheck = 0710;
				LastUpgradeCheck = 0710;
				ORGANIZATIONNAME = "Binary Blobs";
				TargetAttributes = {
					1E3A61F01BFA8D8E0011A529 = {
						CreatedOnToolsVersion = 7.1.1;
					};
				};
			};
			buildConfigurationList = 1E3A61EC1BFA8D8E0011A529 /* Build configuration list for PBXProject "ScrollViewBug" */;
			compatibilityVersion = "Xcode 3.2";
			developmentRegion = English;
			hasScannedForEncodings = 0;
			knownRegions = (
				en,
				Base,
			);
			mainGroup = 1E3A61E81BFA8D8E0011A529;
			productRefGroup = 1E3A61F21BFA8D8E0011A529 /* Products */;
			projectDirPath = "";
			projectRoot = "";
			targets = (
				1E3A61F01BFA8D8E0011A529 /* ScrollViewBug */,
			);
		};
/* End PBXProject section */

/* Begin PBXResourcesBuildPhase section */
		1E3A61EF1BFA8D8E0011A529 /* Resources */ = {
			isa = PBXResourcesBuildPhase;
			buildActionMask = 2147483647;
			files = (
				1E3A61F71BFA8D8E0011A529 /* Assets.xcassets in Resources */,
				4C8722D11C012D9A00DC8BAA /* TestImage.png in Resources */,
				1E3A61FA1BFA8D8E0011A529 /* MainMenu.xib in Resources */,
			);
			runOnlyForDeploymentPostprocessing = 0;
		};
/* End PBXResourcesBuildPhase section */

/* Begin PBXSourcesBuildPhase section */
		1E3A61ED1BFA8D8E0011A529 /* Sources */ = {
			isa = PBXSourcesBuildPhase;
			buildActionMask = 2147483647;
			files = (
				1EB596841BFBE06C002A08D3 /* CenterClipView.swift in Sources */,
				1E3A61F51BFA8D8E0011A529 /* AppDelegate.swift in Sources */,
			);
			runOnlyForDeploymentPostprocessing = 0;
		};
/* End PBXSourcesBuildPhase section */

/* Begin PBXVariantGroup section */
		1E3A61F81BFA8D8E0011A529 /* MainMenu.xib */ = {
			isa = PBXVariantGroup;
			children = (
				1E3A61F91BFA8D8E0011A529 /* Base */,
			);
			name = MainMenu.xib;
			sourceTree = "<group>";
		};
/* End PBXVariantGroup section */

/* Begin XCBuildConfiguration section */
		1E3A61FC1BFA8D8E0011A529 /* Debug */ = {
			isa = XCBuildConfiguration;
			buildSettings = {
				ALWAYS_SEARCH_USER_PATHS = NO;
				CLANG_CXX_LANGUAGE_STANDARD = "gnu++0x";
				CLANG_CXX_LIBRARY = "libc++";
				CLANG_ENABLE_MODULES = YES;
				CLANG_ENABLE_OBJC_ARC = YES;
				CLANG_WARN_BOOL_CONVERSION = YES;
				CLANG_WARN_CONSTANT_CONVERSION = YES;
				CLANG_WARN_DIRECT_OBJC_ISA_USAGE = YES_ERROR;
				CLANG_WARN_EMPTY_BODY = YES;
				CLANG_WARN_ENUM_CONVERSION = YES;
				CLANG_WARN_INT_CONVERSION = YES;
				CLANG_WARN_OBJC_ROOT_CLASS = YES_ERROR;
				CLANG_WARN_UNREACHABLE_CODE = YES;
				CLANG_WARN__DUPLICATE_METHOD_MATCH = YES;
				CODE_SIGN_IDENTITY = "-";
				COPY_PHASE_STRIP = NO;
				DEBUG_INFORMATION_FORMAT = dwarf;
				ENABLE_STRICT_OBJC_MSGSEND = YES;
				ENABLE_TESTABILITY = YES;
				GCC_C_LANGUAGE_STANDARD = gnu99;
				GCC_DYNAMIC_NO_PIC = NO;
				GCC_NO_COMMON_BLOCKS = YES;
				GCC_OPTIMIZATION_LEVEL = 0;
				GCC_PREPROCESSOR_DEFINITIONS = (
					"DEBUG=1",
					"$(inherited)",
				);
				GCC_WARN_64_TO_32_BIT_CONVERSION = YES;
				GCC_WARN_ABOUT_RETURN_TYPE = YES_ERROR;
				GCC_WARN_UNDECLARED_SELECTOR = YES;
				GCC_WARN_UNINITIALIZED_AUTOS = YES_AGGRESSIVE;
				GCC_WARN_UNUSED_FUNCTION = YES;
				GCC_WARN_UNUSED_VARIABLE = YES;
				MACOSX_DEPLOYMENT_TARGET = 10.10;
				MTL_ENABLE_DEBUG_INFO = YES;
				ONLY_ACTIVE_ARCH = YES;
				SDKROOT = macosx;
				SWIFT_OPTIMIZATION_LEVEL = "-Onone";
			};
			name = Debug;
		};
		1E3A61FD1BFA8D8E0011A529 /* Release */ = {
			isa = XCBuildConfiguration;
			buildSettings = {
				ALWAYS_SEARCH_USER_PATHS = NO;
				CLANG_CXX_LANGUAGE_STANDARD = "gnu++0x";
				CLANG_CXX_LIBRARY = "libc++";
				CLANG_ENABLE_MODULES = YES;
				CLANG_ENABLE_OBJC_ARC = YES;
				CLANG_WARN_BOOL_CONVERSION = YES;
				CLANG_WARN_CONSTANT_CONVERSION = YES;
				CLANG_WARN_DIRECT_OBJC_ISA_USAGE = YES_ERROR;
				CLANG_WARN_EMPTY_BODY = YES;
				CLANG_WARN_ENUM_CONVERSION = YES;
				CLANG_WARN_INT_CONVERSION = YES;
				CLANG_WARN_OBJC_ROOT_CLASS = YES_ERROR;
				CLANG_WARN_UNREACHABLE_CODE = YES;
				CLANG_WARN__DUPLICATE_METHOD_MATCH = YES;
				CODE_SIGN_IDENTITY = "-";
				COPY_PHASE_STRIP = NO;
				DEBUG_INFORMATION_FORMAT = "dwarf-with-dsym";
				ENABLE_NS_ASSERTIONS = NO;
				ENABLE_STRICT_OBJC_MSGSEND = YES;
				GCC_C_LANGUAGE_STANDARD = gnu99;
				GCC_NO_COMMON_BLOCKS = YES;
				GCC_WARN_64_TO_32_BIT_CONVERSION = YES;
				GCC_WARN_ABOUT_RETURN_TYPE = YES_ERROR;
				GCC_WARN_UNDECLARED_SELECTOR = YES;
				GCC_WARN_UNINITIALIZED_AUTOS = YES_AGGRESSIVE;
				GCC_WARN_UNUSED_FUNCTION = YES;
				GCC_WARN_UNUSED_VARIABLE = YES;
				MACOSX_DEPLOYMENT_TARGET = 10.10;
				MTL_ENABLE_DEBUG_INFO = NO;
				SDKROOT = macosx;
			};
			name = Release;
		};
		1E3A61FF1BFA8D8E0011A529 /* Debug */ = {
			isa = XCBuildConfiguration;
			buildSettings = {
				ASSETCATALOG_COMPILER_APPICON_NAME = AppIcon;
				COMBINE_HIDPI_IMAGES = YES;
				INFOPLIST_FILE = "$(SRCROOT)/ScrollViewBug/Info.plist";
				LD_RUNPATH_SEARCH_PATHS = "$(inherited) @executable_path/../Frameworks";
				MACOSX_DEPLOYMENT_TARGET = 10.10;
				PRODUCT_BUNDLE_IDENTIFIER = "Binary-Blobs.ScrollViewBug";
				PRODUCT_NAME = "$(TARGET_NAME)";
			};
			name = Debug;
		};
		1E3A62001BFA8D8E0011A529 /* Release */ = {
			isa = XCBuildConfiguration;
			buildSettings = {
				ASSETCATALOG_COMPILER_APPICON_NAME = AppIcon;
				COMBINE_HIDPI_IMAGES = YES;
				INFOPLIST_FILE = "$(SRCROOT)/ScrollViewBug/Info.plist";
				LD_RUNPATH_SEARCH_PATHS = "$(inherited) @executable_path/../Frameworks";
				MACOSX_DEPLOYMENT_TARGET = 10.10;
				PRODUCT_BUNDLE_IDENTIFIER = "Binary-Blobs.ScrollViewBug";
				PRODUCT_NAME = "$(TARGET_NAME)";
			};
			name = Release;
		};
/* End XCBuildConfiguration section */

/* Begin XCConfigurationList section */
		1E3A61EC1BFA8D8E0011A529 /* Build configuration list for PBXProject "ScrollViewBug" */ = {
			isa = XCConfigurationList;
			buildConfigurations = (
				1E3A61FC1BFA8D8E0011A529 /* Debug */,
				1E3A61FD1BFA8D8E0011A529 /* Release */,
			);
			defaultConfigurationIsVisible = 0;
			defaultConfigurationName = Release;
		};
		1E3A61FE1BFA8D8E0011A529 /* Build configuration list for PBXNativeTarget "ScrollViewBug" */ = {
			isa = XCConfigurationList;
			buildConfigurations = (
				1E3A61FF1BFA8D8E0011A529 /* Debug */,
				1E3A62001BFA8D8E0011A529 /* Release */,
			);
			defaultConfigurationIsVisible = 0;
			defaultConfigurationName = Release;
		};
/* End XCConfigurationList section */
	};
	rootObject = 1E3A61E91BFA8D8E0011A529 /* Project object */;
}
